
Microsoft Visual Studio Solution File, Format Version 12.00
# Visual Studio 15
VisualStudioVersion = 15.0.28010.2048
MinimumVisualStudioVersion = 10.0.40219.1
Project("{8BC9CEB8-8B4A-11D0-8D11-00A0C91BC942}") = "ProcessReParenting", "ProcessReParenting\ProcessReParenting\ProcessReParenting.vcxproj", "{92A41474-D19B-431D-B5DC-DB9A9B94E923}"
EndProject
Project("{2150E333-8FDC-42A3-9474-1A3956D46DE8}") = "C projects", "C projects", "{9BFF5ED0-FE57-4E12-B0D7-41E72E56300A}"
EndProject
Project("{2150E333-8FDC-42A3-9474-1A3956D46DE8}") = "ASM projects", "ASM projects", "{5A9A0DBB-EAA0-4B38-A283-721C713981EC}"
EndProject
Project("{8BC9CEB8-8B4A-11D0-8D11-00A0C91BC942}") = "CheckDebuggerCrossArchitecture", "CheckDebuggerCrossArchitecture\CheckDebuggerCrossArchitecture\CheckDebuggerCrossArchitecture.vcxproj", "{99E8121B-86DF-4DB9-A977-85E047C57C16}"
EndProject
Project("{2150E333-8FDC-42A3-9474-1A3956D46DE8}") = ".NET projects", ".NET projects", "{FF699F34-6955-4ED5-BE25-7EEE34DA149F}"
EndProject
Project("{F2A71F9B-5D33-465A-A702-920D77279786}") = "WordsGenerator", "WordsGenerator\WordsGenerator.fsproj", "{527EAE03-18D2-4C6C-B6A4-AEC268DB44CF}"
EndProject
Project("{F2A71F9B-5D33-465A-A702-920D77279786}") = "Hm0x14Writeup", "Hm0x14Writeup\Hm0x14Writeup.fsproj", "{9A4CDD0E-68C9-49AD-91FF-270215429F35}"
EndProject
Project("{F2A71F9B-5D33-465A-A702-920D77279786}") = "CompareDirectory", "CompareDirectory\CompareDirectory.fsproj", "{FD60312C-7D8D-4796-B291-7CBD53A1113B}"
EndProject
Project("{2150E333-8FDC-42A3-9474-1A3956D46DE8}") = "ThirdPart", "ThirdPart", "{A236F92A-0A96-424C-9EEA-2DF700F7CAA9}"
EndProject
Project("{FAE04EC0-301F-11D3-BF4B-00C04F79EFBC}") = "SsdeepNET", "ThirdPart\SsdeepNET\Source\SsdeepNET\SsdeepNET.csproj", "{1030CAAE-0AC1-44DA-AAD9-9A48A954681C}"
EndProject
Project("{F2A71F9B-5D33-465A-A702-920D77279786}") = "AddResource", "AddResource\AddResource.fsproj", "{794DB1FE-9493-42F2-9AE0-6D2601BBBA72}"
EndProject
Project("{2150E333-8FDC-42A3-9474-1A3956D46DE8}") = "Solution Items", "Solution Items", "{14185921-EB03-4D01-BA2F-BD3C749F252F}"
	ProjectSection(SolutionItems) = preProject
		build.bat = build.bat
		build.fsx = build.fsx
	EndProjectSection
EndProject
Global
	GlobalSection(SolutionConfigurationPlatforms) = preSolution
		Debug|Any CPU = Debug|Any CPU
		Debug|x64 = Debug|x64
		Debug|x86 = Debug|x86
		Release|Any CPU = Release|Any CPU
		Release|x64 = Release|x64
		Release|x86 = Release|x86
	EndGlobalSection
	GlobalSection(ProjectConfigurationPlatforms) = postSolution
		{92A41474-D19B-431D-B5DC-DB9A9B94E923}.Debug|Any CPU.ActiveCfg = Debug|Win32
		{92A41474-D19B-431D-B5DC-DB9A9B94E923}.Debug|x64.ActiveCfg = Debug|x64
		{92A41474-D19B-431D-B5DC-DB9A9B94E923}.Debug|x64.Build.0 = Debug|x64
		{92A41474-D19B-431D-B5DC-DB9A9B94E923}.Debug|x86.ActiveCfg = Debug|Win32
		{92A41474-D19B-431D-B5DC-DB9A9B94E923}.Debug|x86.Build.0 = Debug|Win32
		{92A41474-D19B-431D-B5DC-DB9A9B94E923}.Release|Any CPU.ActiveCfg = Release|Win32
		{92A41474-D19B-431D-B5DC-DB9A9B94E923}.Release|x64.ActiveCfg = Release|x64
		{92A41474-D19B-431D-B5DC-DB9A9B94E923}.Release|x64.Build.0 = Release|x64
		{92A41474-D19B-431D-B5DC-DB9A9B94E923}.Release|x86.ActiveCfg = Release|Win32
		{92A41474-D19B-431D-B5DC-DB9A9B94E923}.Release|x86.Build.0 = Release|Win32
		{99E8121B-86DF-4DB9-A977-85E047C57C16}.Debug|Any CPU.ActiveCfg = Debug|Win32
		{99E8121B-86DF-4DB9-A977-85E047C57C16}.Debug|x64.ActiveCfg = Debug|x64
		{99E8121B-86DF-4DB9-A977-85E047C57C16}.Debug|x64.Build.0 = Debug|x64
		{99E8121B-86DF-4DB9-A977-85E047C57C16}.Debug|x86.ActiveCfg = Debug|Win32
		{99E8121B-86DF-4DB9-A977-85E047C57C16}.Debug|x86.Build.0 = Debug|Win32
		{99E8121B-86DF-4DB9-A977-85E047C57C16}.Release|Any CPU.ActiveCfg = Release|Win32
		{99E8121B-86DF-4DB9-A977-85E047C57C16}.Release|x64.ActiveCfg = Release|x64
		{99E8121B-86DF-4DB9-A977-85E047C57C16}.Release|x64.Build.0 = Release|x64
		{99E8121B-86DF-4DB9-A977-85E047C57C16}.Release|x86.ActiveCfg = Release|Win32
		{99E8121B-86DF-4DB9-A977-85E047C57C16}.Release|x86.Build.0 = Release|Win32
		{527EAE03-18D2-4C6C-B6A4-AEC268DB44CF}.Debug|Any CPU.ActiveCfg = Debug|Any CPU
		{527EAE03-18D2-4C6C-B6A4-AEC268DB44CF}.Debug|Any CPU.Build.0 = Debug|Any CPU
		{527EAE03-18D2-4C6C-B6A4-AEC268DB44CF}.Debug|x64.ActiveCfg = Debug|Any CPU
		{527EAE03-18D2-4C6C-B6A4-AEC268DB44CF}.Debug|x64.Build.0 = Debug|Any CPU
		{527EAE03-18D2-4C6C-B6A4-AEC268DB44CF}.Debug|x86.ActiveCfg = Debug|Any CPU
		{527EAE03-18D2-4C6C-B6A4-AEC268DB44CF}.Debug|x86.Build.0 = Debug|Any CPU
		{527EAE03-18D2-4C6C-B6A4-AEC268DB44CF}.Release|Any CPU.ActiveCfg = Release|Any CPU
		{527EAE03-18D2-4C6C-B6A4-AEC268DB44CF}.Release|Any CPU.Build.0 = Release|Any CPU
		{527EAE03-18D2-4C6C-B6A4-AEC268DB44CF}.Release|x64.ActiveCfg = Release|Any CPU
		{527EAE03-18D2-4C6C-B6A4-AEC268DB44CF}.Release|x64.Build.0 = Release|Any CPU
		{527EAE03-18D2-4C6C-B6A4-AEC268DB44CF}.Release|x86.ActiveCfg = Release|Any CPU
		{527EAE03-18D2-4C6C-B6A4-AEC268DB44CF}.Release|x86.Build.0 = Release|Any CPU
		{9A4CDD0E-68C9-49AD-91FF-270215429F35}.Debug|Any CPU.ActiveCfg = Debug|Any CPU
		{9A4CDD0E-68C9-49AD-91FF-270215429F35}.Debug|Any CPU.Build.0 = Debug|Any CPU
		{9A4CDD0E-68C9-49AD-91FF-270215429F35}.Debug|x64.ActiveCfg = Debug|Any CPU
		{9A4CDD0E-68C9-49AD-91FF-270215429F35}.Debug|x64.Build.0 = Debug|Any CPU
		{9A4CDD0E-68C9-49AD-91FF-270215429F35}.Debug|x86.ActiveCfg = Debug|Any CPU
		{9A4CDD0E-68C9-49AD-91FF-270215429F35}.Debug|x86.Build.0 = Debug|Any CPU
		{9A4CDD0E-68C9-49AD-91FF-270215429F35}.Release|Any CPU.ActiveCfg = Release|Any CPU
		{9A4CDD0E-68C9-49AD-91FF-270215429F35}.Release|Any CPU.Build.0 = Release|Any CPU
		{9A4CDD0E-68C9-49AD-91FF-270215429F35}.Release|x64.ActiveCfg = Release|Any CPU
		{9A4CDD0E-68C9-49AD-91FF-270215429F35}.Release|x64.Build.0 = Release|Any CPU
		{9A4CDD0E-68C9-49AD-91FF-270215429F35}.Release|x86.ActiveCfg = Release|Any CPU
		{9A4CDD0E-68C9-49AD-91FF-270215429F35}.Release|x86.Build.0 = Release|Any CPU
		{FD60312C-7D8D-4796-B291-7CBD53A1113B}.Debug|Any CPU.ActiveCfg = Debug|Any CPU
		{FD60312C-7D8D-4796-B291-7CBD53A1113B}.Debug|Any CPU.Build.0 = Debug|Any CPU
		{FD60312C-7D8D-4796-B291-7CBD53A1113B}.Debug|x64.ActiveCfg = Debug|Any CPU
		{FD60312C-7D8D-4796-B291-7CBD53A1113B}.Debug|x64.Build.0 = Debug|Any CPU
		{FD60312C-7D8D-4796-B291-7CBD53A1113B}.Debug|x86.ActiveCfg = Debug|Any CPU
		{FD60312C-7D8D-4796-B291-7CBD53A1113B}.Debug|x86.Build.0 = Debug|Any CPU
		{FD60312C-7D8D-4796-B291-7CBD53A1113B}.Release|Any CPU.ActiveCfg = Release|Any CPU
		{FD60312C-7D8D-4796-B291-7CBD53A1113B}.Release|Any CPU.Build.0 = Release|Any CPU
		{FD60312C-7D8D-4796-B291-7CBD53A1113B}.Release|x64.ActiveCfg = Release|Any CPU
		{FD60312C-7D8D-4796-B291-7CBD53A1113B}.Release|x64.Build.0 = Release|Any CPU
		{FD60312C-7D8D-4796-B291-7CBD53A1113B}.Release|x86.ActiveCfg = Release|Any CPU
		{FD60312C-7D8D-4796-B291-7CBD53A1113B}.Release|x86.Build.0 = Release|Any CPU
		{1030CAAE-0AC1-44DA-AAD9-9A48A954681C}.Debug|Any CPU.ActiveCfg = Debug|Any CPU
		{1030CAAE-0AC1-44DA-AAD9-9A48A954681C}.Debug|Any CPU.Build.0 = Debug|Any CPU
		{1030CAAE-0AC1-44DA-AAD9-9A48A954681C}.Debug|x64.ActiveCfg = Debug|Any CPU
		{1030CAAE-0AC1-44DA-AAD9-9A48A954681C}.Debug|x64.Build.0 = Debug|Any CPU
		{1030CAAE-0AC1-44DA-AAD9-9A48A954681C}.Debug|x86.ActiveCfg = Debug|Any CPU
		{1030CAAE-0AC1-44DA-AAD9-9A48A954681C}.Debug|x86.Build.0 = Debug|Any CPU
		{1030CAAE-0AC1-44DA-AAD9-9A48A954681C}.Release|Any CPU.ActiveCfg = Release|Any CPU
		{1030CAAE-0AC1-44DA-AAD9-9A48A954681C}.Release|Any CPU.Build.0 = Release|Any CPU
		{1030CAAE-0AC1-44DA-AAD9-9A48A954681C}.Release|x64.ActiveCfg = Release|Any CPU
		{1030CAAE-0AC1-44DA-AAD9-9A48A954681C}.Release|x64.Build.0 = Release|Any CPU
		{1030CAAE-0AC1-44DA-AAD9-9A48A954681C}.Release|x86.ActiveCfg = Release|Any CPU
		{1030CAAE-0AC1-44DA-AAD9-9A48A954681C}.Release|x86.Build.0 = Release|Any CPU
		{794DB1FE-9493-42F2-9AE0-6D2601BBBA72}.Debug|Any CPU.ActiveCfg = Debug|Any CPU
		{794DB1FE-9493-42F2-9AE0-6D2601BBBA72}.Debug|Any CPU.Build.0 = Debug|Any CPU
		{794DB1FE-9493-42F2-9AE0-6D2601BBBA72}.Debug|x64.ActiveCfg = Debug|Any CPU
		{794DB1FE-9493-42F2-9AE0-6D2601BBBA72}.Debug|x64.Build.0 = Debug|Any CPU
		{794DB1FE-9493-42F2-9AE0-6D2601BBBA72}.Debug|x86.ActiveCfg = Debug|Any CPU
		{794DB1FE-9493-42F2-9AE0-6D2601BBBA72}.Debug|x86.Build.0 = Debug|Any CPU
		{794DB1FE-9493-42F2-9AE0-6D2601BBBA72}.Release|Any CPU.ActiveCfg = Release|Any CPU
		{794DB1FE-9493-42F2-9AE0-6D2601BBBA72}.Release|Any CPU.Build.0 = Release|Any CPU
		{794DB1FE-9493-42F2-9AE0-6D2601BBBA72}.Release|x64.ActiveCfg = Release|Any CPU
		{794DB1FE-9493-42F2-9AE0-6D2601BBBA72}.Release|x64.Build.0 = Release|Any CPU
		{794DB1FE-9493-42F2-9AE0-6D2601BBBA72}.Release|x86.ActiveCfg = Release|Any CPU
		{794DB1FE-9493-42F2-9AE0-6D2601BBBA72}.Release|x86.Build.0 = Release|Any CPU
	EndGlobalSection
	GlobalSection(SolutionProperties) = preSolution
		HideSolutionNode = FALSE
	EndGlobalSection
	GlobalSection(NestedProjects) = preSolution
		{92A41474-D19B-431D-B5DC-DB9A9B94E923} = {9BFF5ED0-FE57-4E12-B0D7-41E72E56300A}
		{99E8121B-86DF-4DB9-A977-85E047C57C16} = {5A9A0DBB-EAA0-4B38-A283-721C713981EC}
		{527EAE03-18D2-4C6C-B6A4-AEC268DB44CF} = {FF699F34-6955-4ED5-BE25-7EEE34DA149F}
		{9A4CDD0E-68C9-49AD-91FF-270215429F35} = {FF699F34-6955-4ED5-BE25-7EEE34DA149F}
		{FD60312C-7D8D-4796-B291-7CBD53A1113B} = {FF699F34-6955-4ED5-BE25-7EEE34DA149F}
		{1030CAAE-0AC1-44DA-AAD9-9A48A954681C} = {A236F92A-0A96-424C-9EEA-2DF700F7CAA9}
		{794DB1FE-9493-42F2-9AE0-6D2601BBBA72} = {FF699F34-6955-4ED5-BE25-7EEE34DA149F}
	EndGlobalSection
	GlobalSection(ExtensibilityGlobals) = postSolution
		SolutionGuid = {331766A8-FE3A-42B8-BBC8-448F580C1225}
	EndGlobalSection
EndGlobal
